PODS:
  - CocoaAsyncSocket (7.4.2)
  - MRFoundation (0.1):
    - CocoaAsyncSocket (~> 7.0)

DEPENDENCIES:
  - MRFoundation (from `../Remote Foundation/`)

EXTERNAL SOURCES:
  MRFoundation:
    :path: ../Remote Foundation/

SPEC CHECKSUMS:
  CocoaAsyncSocket: f5783bdedd232d91b89769bc4b5a1580aed518ad
  MRFoundation: 38068d8a4ecb318be7949a8e30666a2f1b4cd3a5

PODFILE CHECKSUM: 0e166d4a44febf774c3f103c1829a50de2a71c44

COCOAPODS: 1.0.0
